{
  "requires": true,
  "lockfileVersion": 1,
  "dependencies": {
    "@simonwep/pickr": {
      "version": "1.6.0",
      "resolved": "https://registry.npmjs.org/@simonwep/pickr/-/pickr-1.6.0.tgz",
      "integrity": "sha512-hvAozlQuncF3s2ymVJ1JGLb/b94O8s7WNqKIA0sI7PIh8u8NozjAiQtdEdtI/v4rJ+HrXaznESOX0/xMayVDLA==",
      "requires": {
        "core-js": "^3.6.5"
      }
    },
    "core-js": {
      "version": "3.6.5",
      "resolved": "https://registry.npmjs.org/core-js/-/core-js-3.6.5.tgz",
      "integrity": "sha512-vZVEEwZoIsI+vPEuoF9Iqf5H7/M3eeQqWlQnYa8FSKKePuYTf5MWnxb5SDAzCa60b3JBRS5g9b+Dq7b1y/RCrA=="
    }
  }
}
